
Microsoft Visual Studio Solution File, Format Version 12.00
# Visual Studio Version 17
VisualStudioVersion = 17.11.35208.52
MinimumVisualStudioVersion = 10.0.40219.1
Project("{FAE04EC0-301F-11D3-BF4B-00C04F79EFBC}") = "CodeJam4", "CodeJam4\CodeJam4.csproj", "{29EAD076-5E70-4D43-9157-E81057AEEF0A}"
EndProject
Global
	GlobalSection(SolutionConfigurationPlatforms) = preSolution
		Debug|Any CPU = Debug|Any CPU
		Release|Any CPU = Release|Any CPU
	EndGlobalSection
	GlobalSection(ProjectConfigurationPlatforms) = postSolution
		{29EAD076-5E70-4D43-9157-E81057AEEF0A}.Debug|Any CPU.ActiveCfg = Debug|Any CPU
		{29EAD076-5E70-4D43-9157-E81057AEEF0A}.Debug|Any CPU.Build.0 = Debug|Any CPU
		{29EAD076-5E70-4D43-9157-E81057AEEF0A}.Release|Any CPU.ActiveCfg = Release|Any CPU
		{29EAD076-5E70-4D43-9157-E81057AEEF0A}.Release|Any CPU.Build.0 = Release|Any CPU
	EndGlobalSection
	GlobalSection(SolutionProperties) = preSolution
		HideSolutionNode = FALSE
	EndGlobalSection
	GlobalSection(ExtensibilityGlobals) = postSolution
		SolutionGuid = {498926F0-9DAB-4458-84DA-8133198DA034}
	EndGlobalSection
EndGlobal
